{
    "version": 4,
    "terraform_version": "1.3.6",
    "serial": 26,
    "lineage": "efe31cd7-0c91-a440-2061-4ea2679cc5f7",
    "outputs": {
      "private-security-list-OCID": {
        "value": "ocid1.securitylist.oc1.sa-saopaulo-1.aaaaaaaay4wjep5s6gpv7rzbk4ff2hywicf3wb5stl7cahyuqz2wwbfyfllq",
        "type": "string"
      },
      "private-security-list-name": {
        "value": "security-list-for-private-subnet",
        "type": "string"
      },
      "private-subnet-OCID": {
        "value": "ocid1.subnet.oc1.sa-saopaulo-1.aaaaaaaawkkmaz5ngcqqo4dppmh2lrt53m5uedhthlzrl5lrp7kycu3rpn4q",
        "type": "string"
      },
      "private-subnet-name": {
        "value": "private-subnet",
        "type": "string"
      },
      "public-security-list-OCID": {
        "value": "ocid1.securitylist.oc1.sa-saopaulo-1.aaaaaaaa7icj5tmwqmbr2jwqvv5hygkevurgik4ls4mvjeohtpk67roymyoq",
        "type": "string"
      },
      "public-security-list-name": {
        "value": "security-list-for-public-subnet",
        "type": "string"
      },
      "public-subnet-OCID": {
        "value": "ocid1.subnet.oc1.sa-saopaulo-1.aaaaaaaaexor6xm67m7gg4tkzccqhsz5vnxxungrnutmtabaoiqp7l7pkphq",
        "type": "string"
      },
      "public-subnet-name": {
        "value": "public-subnet",
        "type": "string"
      },
      "vcn_id": {
        "value": "ocid1.vcn.oc1.sa-saopaulo-1.amaaaaaag6fmz5iashiz2mq3umasncgld3nseguyccuwlrm6pzu4dctbbilq",
        "type": "string"
      }
    },
    "resources": [
      {
        "mode": "managed",
        "type": "oci_core_security_list",
        "name": "private-security-list",
        "provider": "provider[\"registry.terraform.io/hashicorp/oci\"]",
        "instances": [
          {
            "schema_version": 0,
            "attributes": {
              "compartment_id": "ocid1.compartment.oc1..aaaaaaaaqo33regselc7io6torett3usrckxzxfgsmbi6z35kw4gjfug73na",
              "defined_tags": {
                "Oracle-Tags.CreatedBy": "oracleidentitycloudservice/fernandopsalmeida",
                "Oracle-Tags.CreatedOn": "2023-01-15T14:44:30.324Z"
              },
              "display_name": "security-list-for-private-subnet",
              "egress_security_rules": [
                {
                  "description": "",
                  "destination": "0.0.0.0/0",
                  "destination_type": "CIDR_BLOCK",
                  "icmp_options": [],
                  "protocol": "all",
                  "stateless": false,
                  "tcp_options": [],
                  "udp_options": []
                }
              ],
              "freeform_tags": {},
              "id": "ocid1.securitylist.oc1.sa-saopaulo-1.aaaaaaaay4wjep5s6gpv7rzbk4ff2hywicf3wb5stl7cahyuqz2wwbfyfllq",
              "ingress_security_rules": [
                {
                  "description": "",
                  "icmp_options": [
                    {
                      "code": -1,
                      "type": 3
                    }
                  ],
                  "protocol": "1",
                  "source": "10.0.0.0/16",
                  "source_type": "CIDR_BLOCK",
                  "stateless": false,
                  "tcp_options": [],
                  "udp_options": []
                },
                {
                  "description": "",
                  "icmp_options": [
                    {
                      "code": 4,
                      "type": 3
                    }
                  ],
                  "protocol": "1",
                  "source": "0.0.0.0/0",
                  "source_type": "CIDR_BLOCK",
                  "stateless": false,
                  "tcp_options": [],
                  "udp_options": []
                },
                {
                  "description": "",
                  "icmp_options": [],
                  "protocol": "6",
                  "source": "10.0.0.0/16",
                  "source_type": "CIDR_BLOCK",
                  "stateless": false,
                  "tcp_options": [
                    {
                      "max": 22,
                      "min": 22,
                      "source_port_range": []
                    }
                  ],
                  "udp_options": []
                }
              ],
              "state": "AVAILABLE",
              "time_created": "2023-01-15 14:44:30.363 +0000 UTC",
              "timeouts": null,
              "vcn_id": "ocid1.vcn.oc1.sa-saopaulo-1.amaaaaaag6fmz5iashiz2mq3umasncgld3nseguyccuwlrm6pzu4dctbbilq"
            },
            "sensitive_attributes": [],
            "private": "eyJlMmJmYjczMC1lY2FhLTExZTYtOGY4OC0zNDM2M2JjN2M0YzAiOnsiY3JlYXRlIjoxMjAwMDAwMDAwMDAwLCJkZWxldGUiOjEyMDAwMDAwMDAwMDAsInVwZGF0ZSI6MTIwMDAwMDAwMDAwMH19",
            "dependencies": [
              "module.vcn.oci_core_vcn.vcn"
            ]
          }
        ]
      },
      {
        "mode": "managed",
        "type": "oci_core_security_list",
        "name": "public-security-list",
        "provider": "provider[\"registry.terraform.io/hashicorp/oci\"]",
        "instances": [
          {
            "schema_version": 0,
            "attributes": {
              "compartment_id": "ocid1.compartment.oc1..aaaaaaaaqo33regselc7io6torett3usrckxzxfgsmbi6z35kw4gjfug73na",
              "defined_tags": {
                "Oracle-Tags.CreatedBy": "oracleidentitycloudservice/fernandopsalmeida",
                "Oracle-Tags.CreatedOn": "2023-01-15T14:50:40.860Z"
              },
              "display_name": "security-list-for-public-subnet",
              "egress_security_rules": [
                {
                  "description": "",
                  "destination": "0.0.0.0/0",
                  "destination_type": "CIDR_BLOCK",
                  "icmp_options": [],
                  "protocol": "all",
                  "stateless": false,
                  "tcp_options": [],
                  "udp_options": []
                }
              ],
              "freeform_tags": {},
              "id": "ocid1.securitylist.oc1.sa-saopaulo-1.aaaaaaaa7icj5tmwqmbr2jwqvv5hygkevurgik4ls4mvjeohtpk67roymyoq",
              "ingress_security_rules": [
                {
                  "description": "",
                  "icmp_options": [
                    {
                      "code": -1,
                      "type": 3
                    }
                  ],
                  "protocol": "1",
                  "source": "10.0.0.0/16",
                  "source_type": "CIDR_BLOCK",
                  "stateless": false,
                  "tcp_options": [],
                  "udp_options": []
                },
                {
                  "description": "",
                  "icmp_options": [
                    {
                      "code": 4,
                      "type": 3
                    }
                  ],
                  "protocol": "1",
                  "source": "0.0.0.0/0",
                  "source_type": "CIDR_BLOCK",
                  "stateless": false,
                  "tcp_options": [],
                  "udp_options": []
                },
                {
                  "description": "",
                  "icmp_options": [],
                  "protocol": "6",
                  "source": "0.0.0.0/0",
                  "source_type": "CIDR_BLOCK",
                  "stateless": false,
                  "tcp_options": [
                    {
                      "max": 22,
                      "min": 22,
                      "source_port_range": []
                    }
                  ],
                  "udp_options": []
                }
              ],
              "state": "AVAILABLE",
              "time_created": "2023-01-15 14:50:40.922 +0000 UTC",
              "timeouts": null,
              "vcn_id": "ocid1.vcn.oc1.sa-saopaulo-1.amaaaaaag6fmz5iashiz2mq3umasncgld3nseguyccuwlrm6pzu4dctbbilq"
            },
            "sensitive_attributes": [],
            "private": "eyJlMmJmYjczMC1lY2FhLTExZTYtOGY4OC0zNDM2M2JjN2M0YzAiOnsiY3JlYXRlIjoxMjAwMDAwMDAwMDAwLCJkZWxldGUiOjEyMDAwMDAwMDAwMDAsInVwZGF0ZSI6MTIwMDAwMDAwMDAwMH19",
            "dependencies": [
              "module.vcn.oci_core_vcn.vcn"
            ]
          }
        ]
      },
      {
        "mode": "managed",
        "type": "oci_core_subnet",
        "name": "vcn-private-subnet",
        "provider": "provider[\"registry.terraform.io/hashicorp/oci\"]",
        "instances": [
          {
            "schema_version": 0,
            "attributes": {
              "availability_domain": null,
              "cidr_block": "10.0.1.0/24",
              "compartment_id": "ocid1.compartment.oc1..aaaaaaaaqo33regselc7io6torett3usrckxzxfgsmbi6z35kw4gjfug73na",
              "defined_tags": {
                "Oracle-Tags.CreatedBy": "oracleidentitycloudservice/fernandopsalmeida",
                "Oracle-Tags.CreatedOn": "2023-01-15T14:53:00.262Z"
              },
              "dhcp_options_id": "ocid1.dhcpoptions.oc1.sa-saopaulo-1.aaaaaaaao5x4tgf6jvzsfbkvmubxllxeayx2zhubj2emub6exjmb7tqdaesa",
              "display_name": "private-subnet",
              "dns_label": null,
              "freeform_tags": {},
              "id": "ocid1.subnet.oc1.sa-saopaulo-1.aaaaaaaawkkmaz5ngcqqo4dppmh2lrt53m5uedhthlzrl5lrp7kycu3rpn4q",
              "ipv6cidr_block": null,
              "ipv6cidr_blocks": [],
              "ipv6virtual_router_ip": null,
              "prohibit_internet_ingress": false,
              "prohibit_public_ip_on_vnic": false,
              "route_table_id": "ocid1.routetable.oc1.sa-saopaulo-1.aaaaaaaapfrq6x6sapemhi5nrbpkdnuuts4rnhvudjwbrhbsis42ea4wwoia",
              "security_list_ids": [
                "ocid1.securitylist.oc1.sa-saopaulo-1.aaaaaaaay4wjep5s6gpv7rzbk4ff2hywicf3wb5stl7cahyuqz2wwbfyfllq"
              ],
              "state": "AVAILABLE",
              "subnet_domain_name": null,
              "time_created": "2023-01-15 14:53:00.319 +0000 UTC",
              "timeouts": null,
              "vcn_id": "ocid1.vcn.oc1.sa-saopaulo-1.amaaaaaag6fmz5iashiz2mq3umasncgld3nseguyccuwlrm6pzu4dctbbilq",
              "virtual_router_ip": "10.0.1.1",
              "virtual_router_mac": "00:00:17:24:E9:A1"
            },
            "sensitive_attributes": [],
            "private": "eyJlMmJmYjczMC1lY2FhLTExZTYtOGY4OC0zNDM2M2JjN2M0YzAiOnsiY3JlYXRlIjoxMjAwMDAwMDAwMDAwLCJkZWxldGUiOjEyMDAwMDAwMDAwMDAsInVwZGF0ZSI6MTIwMDAwMDAwMDAwMH19",
            "dependencies": [
              "module.vcn.data.oci_core_services.all_oci_services",
              "module.vcn.module.drg_from_vcn_module.oci_core_drg.drg",
              "module.vcn.oci_core_nat_gateway.nat_gateway",
              "module.vcn.oci_core_route_table.nat",
              "module.vcn.oci_core_service_gateway.service_gateway",
              "module.vcn.oci_core_vcn.vcn",
              "oci_core_security_list.private-security-list"
            ]
          }
        ]
      },
      {
        "mode": "managed",
        "type": "oci_core_subnet",
        "name": "vcn-public-subnet",
        "provider": "provider[\"registry.terraform.io/hashicorp/oci\"]",
        "instances": [
          {
            "schema_version": 0,
            "attributes": {
              "availability_domain": null,
              "cidr_block": "10.0.0.0/24",
              "compartment_id": "ocid1.compartment.oc1..aaaaaaaaqo33regselc7io6torett3usrckxzxfgsmbi6z35kw4gjfug73na",
              "defined_tags": {
                "Oracle-Tags.CreatedBy": "oracleidentitycloudservice/fernandopsalmeida",
                "Oracle-Tags.CreatedOn": "2023-01-15T15:24:41.082Z"
              },
              "dhcp_options_id": "ocid1.dhcpoptions.oc1.sa-saopaulo-1.aaaaaaaao5x4tgf6jvzsfbkvmubxllxeayx2zhubj2emub6exjmb7tqdaesa",
              "display_name": "public-subnet",
              "dns_label": null,
              "freeform_tags": {},
              "id": "ocid1.subnet.oc1.sa-saopaulo-1.aaaaaaaaexor6xm67m7gg4tkzccqhsz5vnxxungrnutmtabaoiqp7l7pkphq",
              "ipv6cidr_block": null,
              "ipv6cidr_blocks": [],
              "ipv6virtual_router_ip": null,
              "prohibit_internet_ingress": false,
              "prohibit_public_ip_on_vnic": false,
              "route_table_id": "ocid1.routetable.oc1.sa-saopaulo-1.aaaaaaaapfrq6x6sapemhi5nrbpkdnuuts4rnhvudjwbrhbsis42ea4wwoia",
              "security_list_ids": [
                "ocid1.securitylist.oc1.sa-saopaulo-1.aaaaaaaa7icj5tmwqmbr2jwqvv5hygkevurgik4ls4mvjeohtpk67roymyoq"
              ],
              "state": "AVAILABLE",
              "subnet_domain_name": null,
              "time_created": "2023-01-15 15:24:41.125 +0000 UTC",
              "timeouts": null,
              "vcn_id": "ocid1.vcn.oc1.sa-saopaulo-1.amaaaaaag6fmz5iashiz2mq3umasncgld3nseguyccuwlrm6pzu4dctbbilq",
              "virtual_router_ip": "10.0.0.1",
              "virtual_router_mac": "00:00:17:24:E9:A1"
            },
            "sensitive_attributes": [],
            "private": "eyJlMmJmYjczMC1lY2FhLTExZTYtOGY4OC0zNDM2M2JjN2M0YzAiOnsiY3JlYXRlIjoxMjAwMDAwMDAwMDAwLCJkZWxldGUiOjEyMDAwMDAwMDAwMDAsInVwZGF0ZSI6MTIwMDAwMDAwMDAwMH19",
            "dependencies": [
              "module.vcn.oci_core_route_table.ig",
              "module.vcn.oci_core_vcn.vcn",
              "oci_core_security_list.public-security-list"
            ]
          }
        ]
      },
      {
        "module": "module.vcn",
        "mode": "managed",
        "type": "oci_core_default_security_list",
        "name": "lockdown",
        "provider": "provider[\"registry.terraform.io/hashicorp/oci\"]",
        "instances": [
          {
            "index_key": 0,
            "schema_version": 0,
            "attributes": {
              "compartment_id": "ocid1.compartment.oc1..aaaaaaaaqo33regselc7io6torett3usrckxzxfgsmbi6z35kw4gjfug73na",
              "defined_tags": {
                "Oracle-Tags.CreatedBy": "oracleidentitycloudservice/fernandopsalmeida",
                "Oracle-Tags.CreatedOn": "2023-01-15T14:39:57.366Z"
              },
              "display_name": "Default Security List for vcn-lacdigital-dev",
              "egress_security_rules": [],
              "freeform_tags": {
                "module": "oracle-terraform-modules/vcn/oci",
                "terraformed": "Please do not edit manually"
              },
              "id": "ocid1.securitylist.oc1.sa-saopaulo-1.aaaaaaaae4dk3csykcsiaqwuue2np4ss4fumyjjbgjj4jpoyhtsyy4wjyrkq",
              "ingress_security_rules": [],
              "manage_default_resource_id": "ocid1.securitylist.oc1.sa-saopaulo-1.aaaaaaaae4dk3csykcsiaqwuue2np4ss4fumyjjbgjj4jpoyhtsyy4wjyrkq",
              "state": "AVAILABLE",
              "time_created": "2023-01-15 14:39:57.457 +0000 UTC",
              "timeouts": null
            },
            "sensitive_attributes": [],
            "private": "eyJlMmJmYjczMC1lY2FhLTExZTYtOGY4OC0zNDM2M2JjN2M0YzAiOnsiY3JlYXRlIjoxMjAwMDAwMDAwMDAwLCJkZWxldGUiOjEyMDAwMDAwMDAwMDAsInVwZGF0ZSI6MTIwMDAwMDAwMDAwMH19",
            "dependencies": [
              "module.vcn.oci_core_vcn.vcn"
            ]
          }
        ]
      },
      {
        "module": "module.vcn",
        "mode": "managed",
        "type": "oci_core_vcn",
        "name": "vcn",
        "provider": "provider[\"registry.terraform.io/hashicorp/oci\"]",
        "instances": [
          {
            "schema_version": 0,
            "attributes": {
              "byoipv6cidr_blocks": [],
              "byoipv6cidr_details": [],
              "cidr_block": "10.0.0.0/16",
              "cidr_blocks": [
                "10.0.0.0/16"
              ],
              "compartment_id": "ocid1.compartment.oc1..aaaaaaaaqo33regselc7io6torett3usrckxzxfgsmbi6z35kw4gjfug73na",
              "default_dhcp_options_id": "ocid1.dhcpoptions.oc1.sa-saopaulo-1.aaaaaaaao5x4tgf6jvzsfbkvmubxllxeayx2zhubj2emub6exjmb7tqdaesa",
              "default_route_table_id": "ocid1.routetable.oc1.sa-saopaulo-1.aaaaaaaapfrq6x6sapemhi5nrbpkdnuuts4rnhvudjwbrhbsis42ea4wwoia",
              "default_security_list_id": "ocid1.securitylist.oc1.sa-saopaulo-1.aaaaaaaae4dk3csykcsiaqwuue2np4ss4fumyjjbgjj4jpoyhtsyy4wjyrkq",
              "defined_tags": {
                "Oracle-Tags.CreatedBy": "oracleidentitycloudservice/fernandopsalmeida",
                "Oracle-Tags.CreatedOn": "2023-01-15T14:39:57.366Z"
              },
              "display_name": "vcn-lacdigital-dev",
              "dns_label": "vcnmodule",
              "freeform_tags": {
                "module": "oracle-terraform-modules/vcn/oci",
                "terraformed": "Please do not edit manually"
              },
              "id": "ocid1.vcn.oc1.sa-saopaulo-1.amaaaaaag6fmz5iashiz2mq3umasncgld3nseguyccuwlrm6pzu4dctbbilq",
              "ipv6cidr_blocks": [],
              "ipv6private_cidr_blocks": [],
              "is_ipv6enabled": false,
              "is_oracle_gua_allocation_enabled": null,
              "state": "AVAILABLE",
              "time_created": "2023-01-15 14:39:57.457 +0000 UTC",
              "timeouts": null,
              "vcn_domain_name": "vcnmodule.oraclevcn.com"
            },
            "sensitive_attributes": [],
            "private": "eyJlMmJmYjczMC1lY2FhLTExZTYtOGY4OC0zNDM2M2JjN2M0YzAiOnsiY3JlYXRlIjoxMjAwMDAwMDAwMDAwLCJkZWxldGUiOjEyMDAwMDAwMDAwMDAsInVwZGF0ZSI6MTIwMDAwMDAwMDAwMH19"
          }
        ]
      }
    ],
    "check_results": null
  }